// !$*UTF8*$!
{
	archiveVersion = 1;
	classes = {
	};
	objectVersion = 48;
	objects = {

/* Begin PBXBuildFile section */
		3FF922761EEFF7CE884DD31A /* libPods-ThirdLibPackageTests.a in Frameworks */ = {isa = PBXBuildFile; fileRef = 63B0257DC9B241B5495469F2 /* libPods-ThirdLibPackageTests.a */; };
		9B5F9C2CA2A3E0BC11B198BA /* libPods-ThirdLibPackage.a in Frameworks */ = {isa = PBXBuildFile; fileRef = FB673279643D53FBF10A58BD /* libPods-ThirdLibPackage.a */; };
		CEC5A5ABD50110878C65A96C /* libPods-ThirdLibPackageUITests.a in Frameworks */ = {isa = PBXBuildFile; fileRef = A2F12EFD674CDCF9A580FB58 /* libPods-ThirdLibPackageUITests.a */; };
		EC2795451FAF4CB9007FC139 /* BaseTableViewController.m in Sources */ = {isa = PBXBuildFile; fileRef = EC2795441FAF4CB9007FC139 /* BaseTableViewController.m */; };
		EC2795481FAF4E7A007FC139 /* MJRefreshController.m in Sources */ = {isa = PBXBuildFile; fileRef = EC2795471FAF4E7A007FC139 /* MJRefreshController.m */; };
		EC48CC851FAE09E6005AE5D3 /* AppDelegate.m in Sources */ = {isa = PBXBuildFile; fileRef = EC48CC841FAE09E6005AE5D3 /* AppDelegate.m */; };
		EC48CC881FAE09E6005AE5D3 /* ViewController.m in Sources */ = {isa = PBXBuildFile; fileRef = EC48CC871FAE09E6005AE5D3 /* ViewController.m */; };
		EC48CC8B1FAE09E6005AE5D3 /* Main.storyboard in Resources */ = {isa = PBXBuildFile; fileRef = EC48CC891FAE09E6005AE5D3 /* Main.storyboard */; };
		EC48CC8D1FAE09E6005AE5D3 /* Assets.xcassets in Resources */ = {isa = PBXBuildFile; fileRef = EC48CC8C1FAE09E6005AE5D3 /* Assets.xcassets */; };
		EC48CC901FAE09E6005AE5D3 /* LaunchScreen.storyboard in Resources */ = {isa = PBXBuildFile; fileRef = EC48CC8E1FAE09E6005AE5D3 /* LaunchScreen.storyboard */; };
		EC48CC931FAE09E6005AE5D3 /* main.m in Sources */ = {isa = PBXBuildFile; fileRef = EC48CC921FAE09E6005AE5D3 /* main.m */; };
		EC48CC9D1FAE09E7005AE5D3 /* ThirdLibPackageTests.m in Sources */ = {isa = PBXBuildFile; fileRef = EC48CC9C1FAE09E7005AE5D3 /* ThirdLibPackageTests.m */; };
		EC48CCA81FAE09E7005AE5D3 /* ThirdLibPackageUITests.m in Sources */ = {isa = PBXBuildFile; fileRef = EC48CCA71FAE09E7005AE5D3 /* ThirdLibPackageUITests.m */; };
		EC48CCBE1FAE0CAD005AE5D3 /* UIView+AddFunc.m in Sources */ = {isa = PBXBuildFile; fileRef = EC48CCBC1FAE0BC5005AE5D3 /* UIView+AddFunc.m */; };
		EC48CCBF1FAE0CAF005AE5D3 /* UIColor+Hex.m in Sources */ = {isa = PBXBuildFile; fileRef = EC48CCBA1FAE0BC5005AE5D3 /* UIColor+Hex.m */; };
		EC48CCCB1FAE1BF3005AE5D3 /* UIScrollView+Refresh.m in Sources */ = {isa = PBXBuildFile; fileRef = EC48CCCA1FAE1BF3005AE5D3 /* UIScrollView+Refresh.m */; };
		ECE80A411FB028C300FD69DA /* CountViewController.m in Sources */ = {isa = PBXBuildFile; fileRef = ECE80A3F1FB028C300FD69DA /* CountViewController.m */; };
		ECE80A421FB028C300FD69DA /* CountViewController.xib in Resources */ = {isa = PBXBuildFile; fileRef = ECE80A401FB028C300FD69DA /* CountViewController.xib */; };
		ECE80A451FB0299600FD69DA /* UIButton+Count.m in Sources */ = {isa = PBXBuildFile; fileRef = ECE80A441FB0299600FD69DA /* UIButton+Count.m */; };
/* End PBXBuildFile section */

/* Begin PBXContainerItemProxy section */
		EC48CC991FAE09E7005AE5D3 /* PBXContainerItemProxy */ = {
			isa = PBXContainerItemProxy;
			containerPortal = EC48CC781FAE09E6005AE5D3 /* Project object */;
			proxyType = 1;
			remoteGlobalIDString = EC48CC7F1FAE09E6005AE5D3;
			remoteInfo = ThirdLibPackage;
		};
		EC48CCA41FAE09E7005AE5D3 /* PBXContainerItemProxy */ = {
			isa = PBXContainerItemProxy;
			containerPortal = EC48CC781FAE09E6005AE5D3 /* Project object */;
			proxyType = 1;
			remoteGlobalIDString = EC48CC7F1FAE09E6005AE5D3;
			remoteInfo = ThirdLibPackage;
		};
/* End PBXContainerItemProxy section */

/* Begin PBXFileReference section */
		15B0961CE029421E7250E37A /* Pods-ThirdLibPackageUITests.release.xcconfig */ = {isa = PBXFileReference; includeInIndex = 1; lastKnownFileType = text.xcconfig; name = "Pods-ThirdLibPackageUITests.release.xcconfig"; path = "Pods/Target Support Files/Pods-ThirdLibPackageUITests/Pods-ThirdLibPackageUITests.release.xcconfig"; sourceTree = "<group>"; };
		4B7ADF1AD461E7F69FD35980 /* Pods-ThirdLibPackage.debug.xcconfig */ = {isa = PBXFileReference; includeInIndex = 1; lastKnownFileType = text.xcconfig; name = "Pods-ThirdLibPackage.debug.xcconfig"; path = "Pods/Target Support Files/Pods-ThirdLibPackage/Pods-ThirdLibPackage.debug.xcconfig"; sourceTree = "<group>"; };
		5C167D28C723161BB7322871 /* Pods-ThirdLibPackageTests.debug.xcconfig */ = {isa = PBXFileReference; includeInIndex = 1; lastKnownFileType = text.xcconfig; name = "Pods-ThirdLibPackageTests.debug.xcconfig"; path = "Pods/Target Support Files/Pods-ThirdLibPackageTests/Pods-ThirdLibPackageTests.debug.xcconfig"; sourceTree = "<group>"; };
		5ED28BEEB995683C4D2BCC1E /* Pods-ThirdLibPackage.release.xcconfig */ = {isa = PBXFileReference; includeInIndex = 1; lastKnownFileType = text.xcconfig; name = "Pods-ThirdLibPackage.release.xcconfig"; path = "Pods/Target Support Files/Pods-ThirdLibPackage/Pods-ThirdLibPackage.release.xcconfig"; sourceTree = "<group>"; };
		63B0257DC9B241B5495469F2 /* libPods-ThirdLibPackageTests.a */ = {isa = PBXFileReference; explicitFileType = archive.ar; includeInIndex = 0; path = "libPods-ThirdLibPackageTests.a"; sourceTree = BUILT_PRODUCTS_DIR; };
		A2F12EFD674CDCF9A580FB58 /* libPods-ThirdLibPackageUITests.a */ = {isa = PBXFileReference; explicitFileType = archive.ar; includeInIndex = 0; path = "libPods-ThirdLibPackageUITests.a"; sourceTree = BUILT_PRODUCTS_DIR; };
		A3CAFBFED9E6CD2FFD021D16 /* Pods-ThirdLibPackageTests.release.xcconfig */ = {isa = PBXFileReference; includeInIndex = 1; lastKnownFileType = text.xcconfig; name = "Pods-ThirdLibPackageTests.release.xcconfig"; path = "Pods/Target Support Files/Pods-ThirdLibPackageTests/Pods-ThirdLibPackageTests.release.xcconfig"; sourceTree = "<group>"; };
		A8A2163939E0FF6C9CED9A98 /* Pods-ThirdLibPackageUITests.debug.xcconfig */ = {isa = PBXFileReference; includeInIndex = 1; lastKnownFileType = text.xcconfig; name = "Pods-ThirdLibPackageUITests.debug.xcconfig"; path = "Pods/Target Support Files/Pods-ThirdLibPackageUITests/Pods-ThirdLibPackageUITests.debug.xcconfig"; sourceTree = "<group>"; };
		EC2795431FAF4CB9007FC139 /* BaseTableViewController.h */ = {isa = PBXFileReference; lastKnownFileType = sourcecode.c.h; path = BaseTableViewController.h; sourceTree = "<group>"; };
		EC2795441FAF4CB9007FC139 /* BaseTableViewController.m */ = {isa = PBXFileReference; lastKnownFileType = sourcecode.c.objc; path = BaseTableViewController.m; sourceTree = "<group>"; };
		EC2795461FAF4E7A007FC139 /* MJRefreshController.h */ = {isa = PBXFileReference; lastKnownFileType = sourcecode.c.h; path = MJRefreshController.h; sourceTree = "<group>"; };
		EC2795471FAF4E7A007FC139 /* MJRefreshController.m */ = {isa = PBXFileReference; lastKnownFileType = sourcecode.c.objc; path = MJRefreshController.m; sourceTree = "<group>"; };
		EC48CC801FAE09E6005AE5D3 /* ThirdLibPackage.app */ = {isa = PBXFileReference; explicitFileType = wrapper.application; includeInIndex = 0; path = ThirdLibPackage.app; sourceTree = BUILT_PRODUCTS_DIR; };
		EC48CC831FAE09E6005AE5D3 /* AppDelegate.h */ = {isa = PBXFileReference; lastKnownFileType = sourcecode.c.h; path = AppDelegate.h; sourceTree = "<group>"; };
		EC48CC841FAE09E6005AE5D3 /* AppDelegate.m */ = {isa = PBXFileReference; lastKnownFileType = sourcecode.c.objc; path = AppDelegate.m; sourceTree = "<group>"; };
		EC48CC861FAE09E6005AE5D3 /* ViewController.h */ = {isa = PBXFileReference; lastKnownFileType = sourcecode.c.h; path = ViewController.h; sourceTree = "<group>"; };
		EC48CC871FAE09E6005AE5D3 /* ViewController.m */ = {isa = PBXFileReference; lastKnownFileType = sourcecode.c.objc; path = ViewController.m; sourceTree = "<group>"; };
		EC48CC8A1FAE09E6005AE5D3 /* Base */ = {isa = PBXFileReference; lastKnownFileType = file.storyboard; name = Base; path = Base.lproj/Main.storyboard; sourceTree = "<group>"; };
		EC48CC8C1FAE09E6005AE5D3 /* Assets.xcassets */ = {isa = PBXFileReference; lastKnownFileType = folder.assetcatalog; path = Assets.xcassets; sourceTree = "<group>"; };
		EC48CC8F1FAE09E6005AE5D3 /* Base */ = {isa = PBXFileReference; lastKnownFileType = file.storyboard; name = Base; path = Base.lproj/LaunchScreen.storyboard; sourceTree = "<group>"; };
		EC48CC911FAE09E6005AE5D3 /* Info.plist */ = {isa = PBXFileReference; lastKnownFileType = text.plist.xml; path = Info.plist; sourceTree = "<group>"; };
		EC48CC921FAE09E6005AE5D3 /* main.m */ = {isa = PBXFileReference; lastKnownFileType = sourcecode.c.objc; path = main.m; sourceTree = "<group>"; };
		EC48CC981FAE09E7005AE5D3 /* ThirdLibPackageTests.xctest */ = {isa = PBXFileReference; explicitFileType = wrapper.cfbundle; includeInIndex = 0; path = ThirdLibPackageTests.xctest; sourceTree = BUILT_PRODUCTS_DIR; };
		EC48CC9C1FAE09E7005AE5D3 /* ThirdLibPackageTests.m */ = {isa = PBXFileReference; lastKnownFileType = sourcecode.c.objc; path = ThirdLibPackageTests.m; sourceTree = "<group>"; };
		EC48CC9E1FAE09E7005AE5D3 /* Info.plist */ = {isa = PBXFileReference; lastKnownFileType = text.plist.xml; path = Info.plist; sourceTree = "<group>"; };
		EC48CCA31FAE09E7005AE5D3 /* ThirdLibPackageUITests.xctest */ = {isa = PBXFileReference; explicitFileType = wrapper.cfbundle; includeInIndex = 0; path = ThirdLibPackageUITests.xctest; sourceTree = BUILT_PRODUCTS_DIR; };
		EC48CCA71FAE09E7005AE5D3 /* ThirdLibPackageUITests.m */ = {isa = PBXFileReference; lastKnownFileType = sourcecode.c.objc; path = ThirdLibPackageUITests.m; sourceTree = "<group>"; };
		EC48CCA91FAE09E7005AE5D3 /* Info.plist */ = {isa = PBXFileReference; lastKnownFileType = text.plist.xml; path = Info.plist; sourceTree = "<group>"; };
		EC48CCB91FAE0BC5005AE5D3 /* UIColor+Hex.h */ = {isa = PBXFileReference; lastKnownFileType = sourcecode.c.h; path = "UIColor+Hex.h"; sourceTree = "<group>"; };
		EC48CCBA1FAE0BC5005AE5D3 /* UIColor+Hex.m */ = {isa = PBXFileReference; lastKnownFileType = sourcecode.c.objc; path = "UIColor+Hex.m"; sourceTree = "<group>"; };
		EC48CCBB1FAE0BC5005AE5D3 /* UIView+AddFunc.h */ = {isa = PBXFileReference; lastKnownFileType = sourcecode.c.h; path = "UIView+AddFunc.h"; sourceTree = "<group>"; };
		EC48CCBC1FAE0BC5005AE5D3 /* UIView+AddFunc.m */ = {isa = PBXFileReference; lastKnownFileType = sourcecode.c.objc; path = "UIView+AddFunc.m"; sourceTree = "<group>"; };
		EC48CCBD1FAE0BD1005AE5D3 /* PrefixHeader.pch */ = {isa = PBXFileReference; lastKnownFileType = sourcecode.c.h; path = PrefixHeader.pch; sourceTree = "<group>"; };
		EC48CCC91FAE1BF3005AE5D3 /* UIScrollView+Refresh.h */ = {isa = PBXFileReference; lastKnownFileType = sourcecode.c.h; path = "UIScrollView+Refresh.h"; sourceTree = "<group>"; };
		EC48CCCA1FAE1BF3005AE5D3 /* UIScrollView+Refresh.m */ = {isa = PBXFileReference; lastKnownFileType = sourcecode.c.objc; path = "UIScrollView+Refresh.m"; sourceTree = "<group>"; };
		ECE80A3E1FB028C300FD69DA /* CountViewController.h */ = {isa = PBXFileReference; lastKnownFileType = sourcecode.c.h; path = CountViewController.h; sourceTree = "<group>"; };
		ECE80A3F1FB028C300FD69DA /* CountViewController.m */ = {isa = PBXFileReference; lastKnownFileType = sourcecode.c.objc; path = CountViewController.m; sourceTree = "<group>"; };
		ECE80A401FB028C300FD69DA /* CountViewController.xib */ = {isa = PBXFileReference; lastKnownFileType = file.xib; path = CountViewController.xib; sourceTree = "<group>"; };
		ECE80A431FB0299600FD69DA /* UIButton+Count.h */ = {isa = PBXFileReference; lastKnownFileType = sourcecode.c.h; path = "UIButton+Count.h"; sourceTree = "<group>"; };
		ECE80A441FB0299600FD69DA /* UIButton+Count.m */ = {isa = PBXFileReference; lastKnownFileType = sourcecode.c.objc; path = "UIButton+Count.m"; sourceTree = "<group>"; };
		FB673279643D53FBF10A58BD /* libPods-ThirdLibPackage.a */ = {isa = PBXFileReference; explicitFileType = archive.ar; includeInIndex = 0; path = "libPods-ThirdLibPackage.a"; sourceTree = BUILT_PRODUCTS_DIR; };
/* End PBXFileReference section */

/* Begin PBXFrameworksBuildPhase section */
		EC48CC7D1FAE09E6005AE5D3 /* Frameworks */ = {
			isa = PBXFrameworksBuildPhase;
			buildActionMask = 2147483647;
			files = (
				9B5F9C2CA2A3E0BC11B198BA /* libPods-ThirdLibPackage.a in Frameworks */,
			);
			runOnlyForDeploymentPostprocessing = 0;
		};
		EC48CC951FAE09E7005AE5D3 /* Frameworks */ = {
			isa = PBXFrameworksBuildPhase;
			buildActionMask = 2147483647;
			files = (
				3FF922761EEFF7CE884DD31A /* libPods-ThirdLibPackageTests.a in Frameworks */,
			);
			runOnlyForDeploymentPostprocessing = 0;
		};
		EC48CCA01FAE09E7005AE5D3 /* Frameworks */ = {
			isa = PBXFrameworksBuildPhase;
			buildActionMask = 2147483647;
			files = (
				CEC5A5ABD50110878C65A96C /* libPods-ThirdLibPackageUITests.a in Frameworks */,
			);
			runOnlyForDeploymentPostprocessing = 0;
		};
/* End PBXFrameworksBuildPhase section */

/* Begin PBXGroup section */
		4355C4A85F9F05A8FBC5A59F /* Frameworks */ = {
			isa = PBXGroup;
			children = (
				FB673279643D53FBF10A58BD /* libPods-ThirdLibPackage.a */,
				63B0257DC9B241B5495469F2 /* libPods-ThirdLibPackageTests.a */,
				A2F12EFD674CDCF9A580FB58 /* libPods-ThirdLibPackageUITests.a */,
			);
			name = Frameworks;
			sourceTree = "<group>";
		};
		7853D98B7DFE8D45CD4E87CF /* Pods */ = {
			isa = PBXGroup;
			children = (
				4B7ADF1AD461E7F69FD35980 /* Pods-ThirdLibPackage.debug.xcconfig */,
				5ED28BEEB995683C4D2BCC1E /* Pods-ThirdLibPackage.release.xcconfig */,
				5C167D28C723161BB7322871 /* Pods-ThirdLibPackageTests.debug.xcconfig */,
				A3CAFBFED9E6CD2FFD021D16 /* Pods-ThirdLibPackageTests.release.xcconfig */,
				A8A2163939E0FF6C9CED9A98 /* Pods-ThirdLibPackageUITests.debug.xcconfig */,
				15B0961CE029421E7250E37A /* Pods-ThirdLibPackageUITests.release.xcconfig */,
			);
			name = Pods;
			sourceTree = "<group>";
		};
		EC48CC771FAE09E6005AE5D3 = {
			isa = PBXGroup;
			children = (
				EC48CCBD1FAE0BD1005AE5D3 /* PrefixHeader.pch */,
				EC48CC821FAE09E6005AE5D3 /* ThirdLibPackage */,
				EC48CC9B1FAE09E7005AE5D3 /* ThirdLibPackageTests */,
				EC48CCA61FAE09E7005AE5D3 /* ThirdLibPackageUITests */,
				EC48CC811FAE09E6005AE5D3 /* Products */,
				7853D98B7DFE8D45CD4E87CF /* Pods */,
				4355C4A85F9F05A8FBC5A59F /* Frameworks */,
			);
			sourceTree = "<group>";
		};
		EC48CC811FAE09E6005AE5D3 /* Products */ = {
			isa = PBXGroup;
			children = (
				EC48CC801FAE09E6005AE5D3 /* ThirdLibPackage.app */,
				EC48CC981FAE09E7005AE5D3 /* ThirdLibPackageTests.xctest */,
				EC48CCA31FAE09E7005AE5D3 /* ThirdLibPackageUITests.xctest */,
			);
			name = Products;
			sourceTree = "<group>";
		};
		EC48CC821FAE09E6005AE5D3 /* ThirdLibPackage */ = {
			isa = PBXGroup;
			children = (
				EC48CCB81FAE0BC5005AE5D3 /* Category */,
				EC48CC831FAE09E6005AE5D3 /* AppDelegate.h */,
				EC48CC841FAE09E6005AE5D3 /* AppDelegate.m */,
				EC48CC861FAE09E6005AE5D3 /* ViewController.h */,
				EC48CC871FAE09E6005AE5D3 /* ViewController.m */,
				EC2795431FAF4CB9007FC139 /* BaseTableViewController.h */,
				EC2795441FAF4CB9007FC139 /* BaseTableViewController.m */,
				EC2795461FAF4E7A007FC139 /* MJRefreshController.h */,
				EC2795471FAF4E7A007FC139 /* MJRefreshController.m */,
				EC48CCC91FAE1BF3005AE5D3 /* UIScrollView+Refresh.h */,
				EC48CCCA1FAE1BF3005AE5D3 /* UIScrollView+Refresh.m */,
				ECE80A3E1FB028C300FD69DA /* CountViewController.h */,
				ECE80A3F1FB028C300FD69DA /* CountViewController.m */,
				ECE80A401FB028C300FD69DA /* CountViewController.xib */,
				ECE80A431FB0299600FD69DA /* UIButton+Count.h */,
				ECE80A441FB0299600FD69DA /* UIButton+Count.m */,
				EC48CC891FAE09E6005AE5D3 /* Main.storyboard */,
				EC48CC8C1FAE09E6005AE5D3 /* Assets.xcassets */,
				EC48CC8E1FAE09E6005AE5D3 /* LaunchScreen.storyboard */,
				EC48CC911FAE09E6005AE5D3 /* Info.plist */,
				EC48CC921FAE09E6005AE5D3 /* main.m */,
			);
			path = ThirdLibPackage;
			sourceTree = "<group>";
		};
		EC48CC9B1FAE09E7005AE5D3 /* ThirdLibPackageTests */ = {
			isa = PBXGroup;
			children = (
				EC48CC9C1FAE09E7005AE5D3 /* ThirdLibPackageTests.m */,
				EC48CC9E1FAE09E7005AE5D3 /* Info.plist */,
			);
			path = ThirdLibPackageTests;
			sourceTree = "<group>";
		};
		EC48CCA61FAE09E7005AE5D3 /* ThirdLibPackageUITests */ = {
			isa = PBXGroup;
			children = (
				EC48CCA71FAE09E7005AE5D3 /* ThirdLibPackageUITests.m */,
				EC48CCA91FAE09E7005AE5D3 /* Info.plist */,
			);
			path = ThirdLibPackageUITests;
			sourceTree = "<group>";
		};
		EC48CCB81FAE0BC5005AE5D3 /* Category */ = {
			isa = PBXGroup;
			children = (
				EC48CCB91FAE0BC5005AE5D3 /* UIColor+Hex.h */,
				EC48CCBA1FAE0BC5005AE5D3 /* UIColor+Hex.m */,
				EC48CCBB1FAE0BC5005AE5D3 /* UIView+AddFunc.h */,
				EC48CCBC1FAE0BC5005AE5D3 /* UIView+AddFunc.m */,
			);
			path = Category;
			sourceTree = "<group>";
		};
/* End PBXGroup section */

/* Begin PBXNativeTarget section */
		EC48CC7F1FAE09E6005AE5D3 /* ThirdLibPackage */ = {
			isa = PBXNativeTarget;
			buildConfigurationList = EC48CCAC1FAE09E7005AE5D3 /* Build configuration list for PBXNativeTarget "ThirdLibPackage" */;
			buildPhases = (
				FC2CE01807EA300D313826F7 /* [CP] Check Pods Manifest.lock */,
				EC48CC7C1FAE09E6005AE5D3 /* Sources */,
				EC48CC7D1FAE09E6005AE5D3 /* Frameworks */,
				EC48CC7E1FAE09E6005AE5D3 /* Resources */,
				55CF2AE1D4548FBBA95908A5 /* [CP] Embed Pods Frameworks */,
				1DA38F05D4AFF6863B3A17B1 /* [CP] Copy Pods Resources */,
			);
			buildRules = (
			);
			dependencies = (
			);
			name = ThirdLibPackage;
			productName = ThirdLibPackage;
			productReference = EC48CC801FAE09E6005AE5D3 /* ThirdLibPackage.app */;
			productType = "com.apple.product-type.application";
		};
		EC48CC971FAE09E7005AE5D3 /* ThirdLibPackageTests */ = {
			isa = PBXNativeTarget;
			buildConfigurationList = EC48CCAF1FAE09E7005AE5D3 /* Build configuration list for PBXNativeTarget "ThirdLibPackageTests" */;
			buildPhases = (
				32C4632C491CC931873D3C40 /* [CP] Check Pods Manifest.lock */,
				EC48CC941FAE09E7005AE5D3 /* Sources */,
				EC48CC951FAE09E7005AE5D3 /* Frameworks */,
				EC48CC961FAE09E7005AE5D3 /* Resources */,
				BB43CA5ED121E900B7C4ABB8 /* [CP] Embed Pods Frameworks */,
				B1934CB70E616CEA280A967C /* [CP] Copy Pods Resources */,
			);
			buildRules = (
			);
			dependencies = (
				EC48CC9A1FAE09E7005AE5D3 /* PBXTargetDependency */,
			);
			name = ThirdLibPackageTests;
			productName = ThirdLibPackageTests;
			productReference = EC48CC981FAE09E7005AE5D3 /* ThirdLibPackageTests.xctest */;
			productType = "com.apple.product-type.bundle.unit-test";
		};
		EC48CCA21FAE09E7005AE5D3 /* ThirdLibPackageUITests */ = {
			isa = PBXNativeTarget;
			buildConfigurationList = EC48CCB21FAE09E7005AE5D3 /* Build configuration list for PBXNativeTarget "ThirdLibPackageUITests" */;
			buildPhases = (
				9A1F2938083BD4D741D958E4 /* [CP] Check Pods Manifest.lock */,
				EC48CC9F1FAE09E7005AE5D3 /* Sources */,
				EC48CCA01FAE09E7005AE5D3 /* Frameworks */,
				EC48CCA11FAE09E7005AE5D3 /* Resources */,
				00DF2FC2661FB41001370C5C /* [CP] Embed Pods Frameworks */,
				28A5DA5CF74EE8853435A39C /* [CP] Copy Pods Resources */,
			);
			buildRules = (
			);
			dependencies = (
				EC48CCA51FAE09E7005AE5D3 /* PBXTargetDependency */,
			);
			name = ThirdLibPackageUITests;
			productName = ThirdLibPackageUITests;
			productReference = EC48CCA31FAE09E7005AE5D3 /* ThirdLibPackageUITests.xctest */;
			productType = "com.apple.product-type.bundle.ui-testing";
		};
/* End PBXNativeTarget section */

/* Begin PBXProject section */
		EC48CC781FAE09E6005AE5D3 /* Project object */ = {
			isa = PBXProject;
			attributes = {
				LastUpgradeCheck = 0900;
				ORGANIZATIONNAME = mgfjx;
				TargetAttributes = {
					EC48CC7F1FAE09E6005AE5D3 = {
						CreatedOnToolsVersion = 9.0;
						ProvisioningStyle = Automatic;
					};
					EC48CC971FAE09E7005AE5D3 = {
						CreatedOnToolsVersion = 9.0;
						ProvisioningStyle = Automatic;
						TestTargetID = EC48CC7F1FAE09E6005AE5D3;
					};
					EC48CCA21FAE09E7005AE5D3 = {
						CreatedOnToolsVersion = 9.0;
						ProvisioningStyle = Automatic;
						TestTargetID = EC48CC7F1FAE09E6005AE5D3;
					};
				};
			};
			buildConfigurationList = EC48CC7B1FAE09E6005AE5D3 /* Build configuration list for PBXProject "ThirdLibPackage" */;
			compatibilityVersion = "Xcode 8.0";
			developmentRegion = en;
			hasScannedForEncodings = 0;
			knownRegions = (
				en,
				Base,
			);
			mainGroup = EC48CC771FAE09E6005AE5D3;
			productRefGroup = EC48CC811FAE09E6005AE5D3 /* Products */;
			projectDirPath = "";
			projectRoot = "";
			targets = (
				EC48CC7F1FAE09E6005AE5D3 /* ThirdLibPackage */,
				EC48CC971FAE09E7005AE5D3 /* ThirdLibPackageTests */,
				EC48CCA21FAE09E7005AE5D3 /* ThirdLibPackageUITests */,
			);
		};
/* End PBXProject section */

/* Begin PBXResourcesBuildPhase section */
		EC48CC7E1FAE09E6005AE5D3 /* Resources */ = {
			isa = PBXResourcesBuildPhase;
			buildActionMask = 2147483647;
			files = (
				ECE80A421FB028C300FD69DA /* CountViewController.xib in Resources */,
				EC48CC901FAE09E6005AE5D3 /* LaunchScreen.storyboard in Resources */,
				EC48CC8D1FAE09E6005AE5D3 /* Assets.xcassets in Resources */,
				EC48CC8B1FAE09E6005AE5D3 /* Main.storyboard in Resources */,
			);
			runOnlyForDeploymentPostprocessing = 0;
		};
		EC48CC961FAE09E7005AE5D3 /* Resources */ = {
			isa = PBXResourcesBuildPhase;
			buildActionMask = 2147483647;
			files = (
			);
			runOnlyForDeploymentPostprocessing = 0;
		};
		EC48CCA11FAE09E7005AE5D3 /* Resources */ = {
			isa = PBXResourcesBuildPhase;
			buildActionMask = 2147483647;
			files = (
			);
			runOnlyForDeploymentPostprocessing = 0;
		};
/* End PBXResourcesBuildPhase section */

/* Begin PBXShellScriptBuildPhase section */
		00DF2FC2661FB41001370C5C /* [CP] Embed Pods Frameworks */ = {
			isa = PBXShellScriptBuildPhase;
			buildActionMask = 2147483647;
			files = (
			);
			inputPaths = (
			);
			name = "[CP] Embed Pods Frameworks";
			outputPaths = (
			);
			runOnlyForDeploymentPostprocessing = 0;
			shellPath = /bin/sh;
			shellScript = "\"${SRCROOT}/Pods/Target Support Files/Pods-ThirdLibPackageUITests/Pods-ThirdLibPackageUITests-frameworks.sh\"\n";
			showEnvVarsInLog = 0;
		};
		1DA38F05D4AFF6863B3A17B1 /* [CP] Copy Pods Resources */ = {
			isa = PBXShellScriptBuildPhase;
			buildActionMask = 2147483647;
			files = (
			);
			inputPaths = (
				"${SRCROOT}/Pods/Target Support Files/Pods-ThirdLibPackage/Pods-ThirdLibPackage-resources.sh",
				"${PODS_ROOT}/MJRefresh/MJRefresh/MJRefresh.bundle",
			);
			name = "[CP] Copy Pods Resources";
			outputPaths = (
				"${TARGET_BUILD_DIR}/${UNLOCALIZED_RESOURCES_FOLDER_PATH}",
			);
			runOnlyForDeploymentPostprocessing = 0;
			shellPath = /bin/sh;
			shellScript = "\"${SRCROOT}/Pods/Target Support Files/Pods-ThirdLibPackage/Pods-ThirdLibPackage-resources.sh\"\n";
			showEnvVarsInLog = 0;
		};
		28A5DA5CF74EE8853435A39C /* [CP] Copy Pods Resources */ = {
			isa = PBXShellScriptBuildPhase;
			buildActionMask = 2147483647;
			files = (
			);
			inputPaths = (
			);
			name = "[CP] Copy Pods Resources";
			outputPaths = (
			);
			runOnlyForDeploymentPostprocessing = 0;
			shellPath = /bin/sh;
			shellScript = "\"${SRCROOT}/Pods/Target Support Files/Pods-ThirdLibPackageUITests/Pods-ThirdLibPackageUITests-resources.sh\"\n";
			showEnvVarsInLog = 0;
		};
		32C4632C491CC931873D3C40 /* [CP] Check Pods Manifest.lock */ = {
			isa = PBXShellScriptBuildPhase;
			buildActionMask = 2147483647;
			files = (
			);
			inputPaths = (
				"${PODS_PODFILE_DIR_PATH}/Podfile.lock",
				"${PODS_ROOT}/Manifest.lock",
			);
			name = "[CP] Check Pods Manifest.lock";
			outputPaths = (
				"$(DERIVED_FILE_DIR)/Pods-ThirdLibPackageTests-checkManifestLockResult.txt",
			);
			runOnlyForDeploymentPostprocessing = 0;
			shellPath = /bin/sh;
			shellScript = "diff \"${PODS_PODFILE_DIR_PATH}/Podfile.lock\" \"${PODS_ROOT}/Manifest.lock\" > /dev/null\nif [ $? != 0 ] ; then\n    # print error to STDERR\n    echo \"error: The sandbox is not in sync with the Podfile.lock. Run 'pod install' or update your CocoaPods installation.\" >&2\n    exit 1\nfi\n# This output is used by Xcode 'outputs' to avoid re-running this script phase.\necho \"SUCCESS\" > \"${SCRIPT_OUTPUT_FILE_0}\"\n";
			showEnvVarsInLog = 0;
		};
		55CF2AE1D4548FBBA95908A5 /* [CP] Embed Pods Frameworks */ = {
			isa = PBXShellScriptBuildPhase;
			buildActionMask = 2147483647;
			files = (
			);
			inputPaths = (
			);
			name = "[CP] Embed Pods Frameworks";
			outputPaths = (
			);
			runOnlyForDeploymentPostprocessing = 0;
			shellPath = /bin/sh;
			shellScript = "\"${SRCROOT}/Pods/Target Support Files/Pods-ThirdLibPackage/Pods-ThirdLibPackage-frameworks.sh\"\n";
			showEnvVarsInLog = 0;
		};
		9A1F2938083BD4D741D958E4 /* [CP] Check Pods Manifest.lock */ = {
			isa = PBXShellScriptBuildPhase;
			buildActionMask = 2147483647;
			files = (
			);
			inputPaths = (
				"${PODS_PODFILE_DIR_PATH}/Podfile.lock",
				"${PODS_ROOT}/Manifest.lock",
			);
			name = "[CP] Check Pods Manifest.lock";
			outputPaths = (
				"$(DERIVED_FILE_DIR)/Pods-ThirdLibPackageUITests-checkManifestLockResult.txt",
			);
			runOnlyForDeploymentPostprocessing = 0;
			shellPath = /bin/sh;
			shellScript = "diff \"${PODS_PODFILE_DIR_PATH}/Podfile.lock\" \"${PODS_ROOT}/Manifest.lock\" > /dev/null\nif [ $? != 0 ] ; then\n    # print error to STDERR\n    echo \"error: The sandbox is not in sync with the Podfile.lock. Run 'pod install' or update your CocoaPods installation.\" >&2\n    exit 1\nfi\n# This output is used by Xcode 'outputs' to avoid re-running this script phase.\necho \"SUCCESS\" > \"${SCRIPT_OUTPUT_FILE_0}\"\n";
			showEnvVarsInLog = 0;
		};
		B1934CB70E616CEA280A967C /* [CP] Copy Pods Resources */ = {
			isa = PBXShellScriptBuildPhase;
			buildActionMask = 2147483647;
			files = (
			);
			inputPaths = (
			);
			name = "[CP] Copy Pods Resources";
			outputPaths = (
			);
			runOnlyForDeploymentPostprocessing = 0;
			shellPath = /bin/sh;
			shellScript = "\"${SRCROOT}/Pods/Target Support Files/Pods-ThirdLibPackageTests/Pods-ThirdLibPackageTests-resources.sh\"\n";
			showEnvVarsInLog = 0;
		};
		BB43CA5ED121E900B7C4ABB8 /* [CP] Embed Pods Frameworks */ = {
			isa = PBXShellScriptBuildPhase;
			buildActionMask = 2147483647;
			files = (
			);
			inputPaths = (
			);
			name = "[CP] Embed Pods Frameworks";
			outputPaths = (
			);
			runOnlyForDeploymentPostprocessing = 0;
			shellPath = /bin/sh;
			shellScript = "\"${SRCROOT}/Pods/Target Support Files/Pods-ThirdLibPackageTests/Pods-ThirdLibPackageTests-frameworks.sh\"\n";
			showEnvVarsInLog = 0;
		};
		FC2CE01807EA300D313826F7 /* [CP] Check Pods Manifest.lock */ = {
			isa = PBXShellScriptBuildPhase;
			buildActionMask = 2147483647;
			files = (
			);
			inputPaths = (
				"${PODS_PODFILE_DIR_PATH}/Podfile.lock",
				"${PODS_ROOT}/Manifest.lock",
			);
			name = "[CP] Check Pods Manifest.lock";
			outputPaths = (
				"$(DERIVED_FILE_DIR)/Pods-ThirdLibPackage-checkManifestLockResult.txt",
			);
			runOnlyForDeploymentPostprocessing = 0;
			shellPath = /bin/sh;
			shellScript = "diff \"${PODS_PODFILE_DIR_PATH}/Podfile.lock\" \"${PODS_ROOT}/Manifest.lock\" > /dev/null\nif [ $? != 0 ] ; then\n    # print error to STDERR\n    echo \"error: The sandbox is not in sync with the Podfile.lock. Run 'pod install' or update your CocoaPods installation.\" >&2\n    exit 1\nfi\n# This output is used by Xcode 'outputs' to avoid re-running this script phase.\necho \"SUCCESS\" > \"${SCRIPT_OUTPUT_FILE_0}\"\n";
			showEnvVarsInLog = 0;
		};
/* End PBXShellScriptBuildPhase section */

/* Begin PBXSourcesBuildPhase section */
		EC48CC7C1FAE09E6005AE5D3 /* Sources */ = {
			isa = PBXSourcesBuildPhase;
			buildActionMask = 2147483647;
			files = (
				EC48CC881FAE09E6005AE5D3 /* ViewController.m in Sources */,
				EC48CCBF1FAE0CAF005AE5D3 /* UIColor+Hex.m in Sources */,
				EC2795481FAF4E7A007FC139 /* MJRefreshController.m in Sources */,
				EC48CC931FAE09E6005AE5D3 /* main.m in Sources */,
				EC2795451FAF4CB9007FC139 /* BaseTableViewController.m in Sources */,
				EC48CCCB1FAE1BF3005AE5D3 /* UIScrollView+Refresh.m in Sources */,
				EC48CC851FAE09E6005AE5D3 /* AppDelegate.m in Sources */,
				ECE80A411FB028C300FD69DA /* CountViewController.m in Sources */,
				EC48CCBE1FAE0CAD005AE5D3 /* UIView+AddFunc.m in Sources */,
				ECE80A451FB0299600FD69DA /* UIButton+Count.m in Sources */,
			);
			runOnlyForDeploymentPostprocessing = 0;
		};
		EC48CC941FAE09E7005AE5D3 /* Sources */ = {
			isa = PBXSourcesBuildPhase;
			buildActionMask = 2147483647;
			files = (
				EC48CC9D1FAE09E7005AE5D3 /* ThirdLibPackageTests.m in Sources */,
			);
			runOnlyForDeploymentPostprocessing = 0;
		};
		EC48CC9F1FAE09E7005AE5D3 /* Sources */ = {
			isa = PBXSourcesBuildPhase;
			buildActionMask = 2147483647;
			files = (
				EC48CCA81FAE09E7005AE5D3 /* ThirdLibPackageUITests.m in Sources */,
			);
			runOnlyForDeploymentPostprocessing = 0;
		};
/* End PBXSourcesBuildPhase section */

/* Begin PBXTargetDependency section */
		EC48CC9A1FAE09E7005AE5D3 /* PBXTargetDependency */ = {
			isa = PBXTargetDependency;
			target = EC48CC7F1FAE09E6005AE5D3 /* ThirdLibPackage */;
			targetProxy = EC48CC991FAE09E7005AE5D3 /* PBXContainerItemProxy */;
		};
		EC48CCA51FAE09E7005AE5D3 /* PBXTargetDependency */ = {
			isa = PBXTargetDependency;
			target = EC48CC7F1FAE09E6005AE5D3 /* ThirdLibPackage */;
			targetProxy = EC48CCA41FAE09E7005AE5D3 /* PBXContainerItemProxy */;
		};
/* End PBXTargetDependency section */

/* Begin PBXVariantGroup section */
		EC48CC891FAE09E6005AE5D3 /* Main.storyboard */ = {
			isa = PBXVariantGroup;
			children = (
				EC48CC8A1FAE09E6005AE5D3 /* Base */,
			);
			name = Main.storyboard;
			sourceTree = "<group>";
		};
		EC48CC8E1FAE09E6005AE5D3 /* LaunchScreen.storyboard */ = {
			isa = PBXVariantGroup;
			children = (
				EC48CC8F1FAE09E6005AE5D3 /* Base */,
			);
			name = LaunchScreen.storyboard;
			sourceTree = "<group>";
		};
/* End PBXVariantGroup section */

/* Begin XCBuildConfiguration section */
		EC48CCAA1FAE09E7005AE5D3 /* Debug */ = {
			isa = XCBuildConfiguration;
			buildSettings = {
				ALWAYS_SEARCH_USER_PATHS = NO;
				CLANG_ANALYZER_NONNULL = YES;
				CLANG_ANALYZER_NUMBER_OBJECT_CONVERSION = YES_AGGRESSIVE;
				CLANG_CXX_LANGUAGE_STANDARD = "gnu++14";
				CLANG_CXX_LIBRARY = "libc++";
				CLANG_ENABLE_MODULES = YES;
				CLANG_ENABLE_OBJC_ARC = YES;
				CLANG_WARN_BLOCK_CAPTURE_AUTORELEASING = YES;
				CLANG_WARN_BOOL_CONVERSION = YES;
				CLANG_WARN_COMMA = YES;
				CLANG_WARN_CONSTANT_CONVERSION = YES;
				CLANG_WARN_DIRECT_OBJC_ISA_USAGE = YES_ERROR;
				CLANG_WARN_DOCUMENTATION_COMMENTS = YES;
				CLANG_WARN_EMPTY_BODY = YES;
				CLANG_WARN_ENUM_CONVERSION = YES;
				CLANG_WARN_INFINITE_RECURSION = YES;
				CLANG_WARN_INT_CONVERSION = YES;
				CLANG_WARN_NON_LITERAL_NULL_CONVERSION = YES;
				CLANG_WARN_OBJC_LITERAL_CONVERSION = YES;
				CLANG_WARN_OBJC_ROOT_CLASS = YES_ERROR;
				CLANG_WARN_RANGE_LOOP_ANALYSIS = YES;
				CLANG_WARN_STRICT_PROTOTYPES = YES;
				CLANG_WARN_SUSPICIOUS_MOVE = YES;
				CLANG_WARN_UNGUARDED_AVAILABILITY = YES_AGGRESSIVE;
				CLANG_WARN_UNREACHABLE_CODE = YES;
				CLANG_WARN__DUPLICATE_METHOD_MATCH = YES;
				CODE_SIGN_IDENTITY = "iPhone Developer";
				COPY_PHASE_STRIP = NO;
				DEBUG_INFORMATION_FORMAT = dwarf;
				ENABLE_STRICT_OBJC_MSGSEND = YES;
				ENABLE_TESTABILITY = YES;
				GCC_C_LANGUAGE_STANDARD = gnu11;
				GCC_DYNAMIC_NO_PIC = NO;
				GCC_NO_COMMON_BLOCKS = YES;
				GCC_OPTIMIZATION_LEVEL = 0;
				GCC_PREPROCESSOR_DEFINITIONS = (
					"DEBUG=1",
					"$(inherited)",
				);
				GCC_WARN_64_TO_32_BIT_CONVERSION = YES;
				GCC_WARN_ABOUT_RETURN_TYPE = YES_ERROR;
				GCC_WARN_UNDECLARED_SELECTOR = YES;
				GCC_WARN_UNINITIALIZED_AUTOS = YES_AGGRESSIVE;
				GCC_WARN_UNUSED_FUNCTION = YES;
				GCC_WARN_UNUSED_VARIABLE = YES;
				IPHONEOS_DEPLOYMENT_TARGET = 11.0;
				MTL_ENABLE_DEBUG_INFO = YES;
				ONLY_ACTIVE_ARCH = YES;
				SDKROOT = iphoneos;
			};
			name = Debug;
		};
		EC48CCAB1FAE09E7005AE5D3 /* Release */ = {
			isa = XCBuildConfiguration;
			buildSettings = {
				ALWAYS_SEARCH_USER_PATHS = NO;
				CLANG_ANALYZER_NONNULL = YES;
				CLANG_ANALYZER_NUMBER_OBJECT_CONVERSION = YES_AGGRESSIVE;
				CLANG_CXX_LANGUAGE_STANDARD = "gnu++14";
				CLANG_CXX_LIBRARY = "libc++";
				CLANG_ENABLE_MODULES = YES;
				CLANG_ENABLE_OBJC_ARC = YES;
				CLANG_WARN_BLOCK_CAPTURE_AUTORELEASING = YES;
				CLANG_WARN_BOOL_CONVERSION = YES;
				CLANG_WARN_COMMA = YES;
				CLANG_WARN_CONSTANT_CONVERSION = YES;
				CLANG_WARN_DIRECT_OBJC_ISA_USAGE = YES_ERROR;
				CLANG_WARN_DOCUMENTATION_COMMENTS = YES;
				CLANG_WARN_EMPTY_BODY = YES;
				CLANG_WARN_ENUM_CONVERSION = YES;
				CLANG_WARN_INFINITE_RECURSION = YES;
				CLANG_WARN_INT_CONVERSION = YES;
				CLANG_WARN_NON_LITERAL_NULL_CONVERSION = YES;
				CLANG_WARN_OBJC_LITERAL_CONVERSION = YES;
				CLANG_WARN_OBJC_ROOT_CLASS = YES_ERROR;
				CLANG_WARN_RANGE_LOOP_ANALYSIS = YES;
				CLANG_WARN_STRICT_PROTOTYPES = YES;
				CLANG_WARN_SUSPICIOUS_MOVE = YES;
				CLANG_WARN_UNGUARDED_AVAILABILITY = YES_AGGRESSIVE;
				CLANG_WARN_UNREACHABLE_CODE = YES;
				CLANG_WARN__DUPLICATE_METHOD_MATCH = YES;
				CODE_SIGN_IDENTITY = "iPhone Developer";
				COPY_PHASE_STRIP = NO;
				DEBUG_INFORMATION_FORMAT = "dwarf-with-dsym";
				ENABLE_NS_ASSERTIONS = NO;
				ENABLE_STRICT_OBJC_MSGSEND = YES;
				GCC_C_LANGUAGE_STANDARD = gnu11;
				GCC_NO_COMMON_BLOCKS = YES;
				GCC_WARN_64_TO_32_BIT_CONVERSION = YES;
				GCC_WARN_ABOUT_RETURN_TYPE = YES_ERROR;
				GCC_WARN_UNDECLARED_SELECTOR = YES;
				GCC_WARN_UNINITIALIZED_AUTOS = YES_AGGRESSIVE;
				GCC_WARN_UNUSED_FUNCTION = YES;
				GCC_WARN_UNUSED_VARIABLE = YES;
				IPHONEOS_DEPLOYMENT_TARGET = 11.0;
				MTL_ENABLE_DEBUG_INFO = NO;
				SDKROOT = iphoneos;
				VALIDATE_PRODUCT = YES;
			};
			name = Release;
		};
		EC48CCAD1FAE09E7005AE5D3 /* Debug */ = {
			isa = XCBuildConfiguration;
			baseConfigurationReference = 4B7ADF1AD461E7F69FD35980 /* Pods-ThirdLibPackage.debug.xcconfig */;
			buildSettings = {
				ASSETCATALOG_COMPILER_APPICON_NAME = AppIcon;
				CODE_SIGN_STYLE = Automatic;
				DEVELOPMENT_TEAM = 4H95452AGN;
				GCC_PRECOMPILE_PREFIX_HEADER = YES;
				GCC_PREFIX_HEADER = "$(SRCROOT)/PrefixHeader.pch";
				INFOPLIST_FILE = ThirdLibPackage/Info.plist;
				IPHONEOS_DEPLOYMENT_TARGET = 8.0;
				LD_RUNPATH_SEARCH_PATHS = "$(inherited) @executable_path/Frameworks";
				PRODUCT_BUNDLE_IDENTIFIER = com.xiexiaolong.test.ThirdLibPackage;
				PRODUCT_NAME = "$(TARGET_NAME)";
				TARGETED_DEVICE_FAMILY = "1,2";
			};
			name = Debug;
		};
		EC48CCAE1FAE09E7005AE5D3 /* Release */ = {
			isa = XCBuildConfiguration;
			baseConfigurationReference = 5ED28BEEB995683C4D2BCC1E /* Pods-ThirdLibPackage.release.xcconfig */;
			buildSettings = {
				ASSETCATALOG_COMPILER_APPICON_NAME = AppIcon;
				CODE_SIGN_STYLE = Automatic;
				DEVELOPMENT_TEAM = 4H95452AGN;
				GCC_PRECOMPILE_PREFIX_HEADER = YES;
				GCC_PREFIX_HEADER = "$(SRCROOT)/PrefixHeader.pch";
				INFOPLIST_FILE = ThirdLibPackage/Info.plist;
				IPHONEOS_DEPLOYMENT_TARGET = 8.0;
				LD_RUNPATH_SEARCH_PATHS = "$(inherited) @executable_path/Frameworks";
				PRODUCT_BUNDLE_IDENTIFIER = com.xiexiaolong.test.ThirdLibPackage;
				PRODUCT_NAME = "$(TARGET_NAME)";
				TARGETED_DEVICE_FAMILY = "1,2";
			};
			name = Release;
		};
		EC48CCB01FAE09E7005AE5D3 /* Debug */ = {
			isa = XCBuildConfiguration;
			baseConfigurationReference = 5C167D28C723161BB7322871 /* Pods-ThirdLibPackageTests.debug.xcconfig */;
			buildSettings = {
				BUNDLE_LOADER = "$(TEST_HOST)";
				CODE_SIGN_STYLE = Automatic;
				INFOPLIST_FILE = ThirdLibPackageTests/Info.plist;
				LD_RUNPATH_SEARCH_PATHS = "$(inherited) @executable_path/Frameworks @loader_path/Frameworks";
				PRODUCT_BUNDLE_IDENTIFIER = com.xiexiaolong.test.ThirdLibPackageTests;
				PRODUCT_NAME = "$(TARGET_NAME)";
				TARGETED_DEVICE_FAMILY = "1,2";
				TEST_HOST = "$(BUILT_PRODUCTS_DIR)/ThirdLibPackage.app/ThirdLibPackage";
			};
			name = Debug;
		};
		EC48CCB11FAE09E7005AE5D3 /* Release */ = {
			isa = XCBuildConfiguration;
			baseConfigurationReference = A3CAFBFED9E6CD2FFD021D16 /* Pods-ThirdLibPackageTests.release.xcconfig */;
			buildSettings = {
				BUNDLE_LOADER = "$(TEST_HOST)";
				CODE_SIGN_STYLE = Automatic;
				INFOPLIST_FILE = ThirdLibPackageTests/Info.plist;
				LD_RUNPATH_SEARCH_PATHS = "$(inherited) @executable_path/Frameworks @loader_path/Frameworks";
				PRODUCT_BUNDLE_IDENTIFIER = com.xiexiaolong.test.ThirdLibPackageTests;
				PRODUCT_NAME = "$(TARGET_NAME)";
				TARGETED_DEVICE_FAMILY = "1,2";
				TEST_HOST = "$(BUILT_PRODUCTS_DIR)/ThirdLibPackage.app/ThirdLibPackage";
			};
			name = Release;
		};
		EC48CCB31FAE09E7005AE5D3 /* Debug */ = {
			isa = XCBuildConfiguration;
			baseConfigurationReference = A8A2163939E0FF6C9CED9A98 /* Pods-ThirdLibPackageUITests.debug.xcconfig */;
			buildSettings = {
				CODE_SIGN_STYLE = Automatic;
				INFOPLIST_FILE = ThirdLibPackageUITests/Info.plist;
				LD_RUNPATH_SEARCH_PATHS = "$(inherited) @executable_path/Frameworks @loader_path/Frameworks";
				PRODUCT_BUNDLE_IDENTIFIER = com.xiexiaolong.test.ThirdLibPackageUITests;
				PRODUCT_NAME = "$(TARGET_NAME)";
				TARGETED_DEVICE_FAMILY = "1,2";
				TEST_TARGET_NAME = ThirdLibPackage;
			};
			name = Debug;
		};
		EC48CCB41FAE09E7005AE5D3 /* Release */ = {
			isa = XCBuildConfiguration;
			baseConfigurationReference = 15B0961CE029421E7250E37A /* Pods-ThirdLibPackageUITests.release.xcconfig */;
			buildSettings = {
				CODE_SIGN_STYLE = Automatic;
				INFOPLIST_FILE = ThirdLibPackageUITests/Info.plist;
				LD_RUNPATH_SEARCH_PATHS = "$(inherited) @executable_path/Frameworks @loader_path/Frameworks";
				PRODUCT_BUNDLE_IDENTIFIER = com.xiexiaolong.test.ThirdLibPackageUITests;
				PRODUCT_NAME = "$(TARGET_NAME)";
				TARGETED_DEVICE_FAMILY = "1,2";
				TEST_TARGET_NAME = ThirdLibPackage;
			};
			name = Release;
		};
/* End XCBuildConfiguration section */

/* Begin XCConfigurationList section */
		EC48CC7B1FAE09E6005AE5D3 /* Build configuration list for PBXProject "ThirdLibPackage" */ = {
			isa = XCConfigurationList;
			buildConfigurations = (
				EC48CCAA1FAE09E7005AE5D3 /* Debug */,
				EC48CCAB1FAE09E7005AE5D3 /* Release */,
			);
			defaultConfigurationIsVisible = 0;
			defaultConfigurationName = Release;
		};
		EC48CCAC1FAE09E7005AE5D3 /* Build configuration list for PBXNativeTarget "ThirdLibPackage" */ = {
			isa = XCConfigurationList;
			buildConfigurations = (
				EC48CCAD1FAE09E7005AE5D3 /* Debug */,
				EC48CCAE1FAE09E7005AE5D3 /* Release */,
			);
			defaultConfigurationIsVisible = 0;
			defaultConfigurationName = Release;
		};
		EC48CCAF1FAE09E7005AE5D3 /* Build configuration list for PBXNativeTarget "ThirdLibPackageTests" */ = {
			isa = XCConfigurationList;
			buildConfigurations = (
				EC48CCB01FAE09E7005AE5D3 /* Debug */,
				EC48CCB11FAE09E7005AE5D3 /* Release */,
			);
			defaultConfigurationIsVisible = 0;
			defaultConfigurationName = Release;
		};
		EC48CCB21FAE09E7005AE5D3 /* Build configuration list for PBXNativeTarget "ThirdLibPackageUITests" */ = {
			isa = XCConfigurationList;
			buildConfigurations = (
				EC48CCB31FAE09E7005AE5D3 /* Debug */,
				EC48CCB41FAE09E7005AE5D3 /* Release */,
			);
			defaultConfigurationIsVisible = 0;
			defaultConfigurationName = Release;
		};
/* End XCConfigurationList section */
	};
	rootObject = EC48CC781FAE09E6005AE5D3 /* Project object */;
}
